
Microsoft Visual Studio Solution File, Format Version 12.00
# Visual Studio Version 17
VisualStudioVersion = 17.5.002.0
MinimumVisualStudioVersion = 10.0.40219.1
Project("{9A19103F-16F7-4668-BE54-9A1E7A4F7556}") = "telePars", "telePars.csproj", "{A122D490-893B-4C24-9DDF-9FB5485A6C55}"
EndProject
Global
	GlobalSection(SolutionConfigurationPlatforms) = preSolution
		Debug|Any CPU = Debug|Any CPU
		Release|Any CPU = Release|Any CPU
	EndGlobalSection
	GlobalSection(ProjectConfigurationPlatforms) = postSolution
		{A122D490-893B-4C24-9DDF-9FB5485A6C55}.Debug|Any CPU.ActiveCfg = Debug|Any CPU
		{A122D490-893B-4C24-9DDF-9FB5485A6C55}.Debug|Any CPU.Build.0 = Debug|Any CPU
		{A122D490-893B-4C24-9DDF-9FB5485A6C55}.Release|Any CPU.ActiveCfg = Release|Any CPU
		{A122D490-893B-4C24-9DDF-9FB5485A6C55}.Release|Any CPU.Build.0 = Release|Any CPU
	EndGlobalSection
	GlobalSection(SolutionProperties) = preSolution
		HideSolutionNode = FALSE
	EndGlobalSection
	GlobalSection(ExtensibilityGlobals) = postSolution
		SolutionGuid = {BF9E0675-281A-43CE-BA37-14940F9562B2}
	EndGlobalSection
EndGlobal
